
Microsoft Visual Studio Solution File, Format Version 12.00
# Visual Studio Version 16
VisualStudioVersion = 16.0.32510.428
MinimumVisualStudioVersion = 10.0.40219.1
Project("{FAE04EC0-301F-11D3-BF4B-00C04F79EFBC}") = "DemoConsole", "DemoConsole\DemoConsole.csproj", "{27F35CCB-9E82-4B29-82ED-D26B37E87754}"
EndProject
Global
	GlobalSection(SolutionConfigurationPlatforms) = preSolution
		Debug|Any CPU = Debug|Any CPU
		Release|Any CPU = Release|Any CPU
	EndGlobalSection
	GlobalSection(ProjectConfigurationPlatforms) = postSolution
		{27F35CCB-9E82-4B29-82ED-D26B37E87754}.Debug|Any CPU.ActiveCfg = Debug|Any CPU
		{27F35CCB-9E82-4B29-82ED-D26B37E87754}.Debug|Any CPU.Build.0 = Debug|Any CPU
		{27F35CCB-9E82-4B29-82ED-D26B37E87754}.Release|Any CPU.ActiveCfg = Release|Any CPU
		{27F35CCB-9E82-4B29-82ED-D26B37E87754}.Release|Any CPU.Build.0 = Release|Any CPU
	EndGlobalSection
	GlobalSection(SolutionProperties) = preSolution
		HideSolutionNode = FALSE
	EndGlobalSection
	GlobalSection(ExtensibilityGlobals) = postSolution
		SolutionGuid = {6109D009-36E0-42BD-BE4A-CD162622F1D5}
	EndGlobalSection
EndGlobal
